// !$*UTF8*$!
{
	objectVersion = 56;
	classes = {
	};
	objects = {

/* Begin PBXBuildFile section */
		A00000000000000000000011 /* AppDelegate.swift in Sources */ = {isa = PBXBuildFile; fileRef = A00000000000000000000001 /* AppDelegate.swift */; };
		A00000000000000000000012 /* Document.swift in Sources */ = {isa = PBXBuildFile; fileRef = A00000000000000000000002 /* Document.swift */; };
		A00000000000000000000013 /* MarkdownStyling.swift in Sources */ = {isa = PBXBuildFile; fileRef = A00000000000000000000003 /* MarkdownStyling.swift */; };
		A00000000000000000000014 /* EditorTextView.swift in Sources */ = {isa = PBXBuildFile; fileRef = A00000000000000000000004 /* EditorTextView.swift */; };
		A00000000000000000000015 /* main.swift in Sources */ = {isa = PBXBuildFile; fileRef = A00000000000000000000005 /* main.swift */; };
/* End PBXBuildFile section */

/* Begin PBXFileReference section */
		A00000000000000000000001 /* AppDelegate.swift */ = {isa = PBXFileReference; lastKnownFileType = sourcecode.swift; path = AppDelegate.swift; sourceTree = "<group>"; };
		A00000000000000000000002 /* Document.swift */ = {isa = PBXFileReference; lastKnownFileType = sourcecode.swift; path = Document.swift; sourceTree = "<group>"; };
		A00000000000000000000003 /* MarkdownStyling.swift */ = {isa = PBXFileReference; lastKnownFileType = sourcecode.swift; path = MarkdownStyling.swift; sourceTree = "<group>"; };
		A00000000000000000000004 /* EditorTextView.swift */ = {isa = PBXFileReference; lastKnownFileType = sourcecode.swift; path = EditorTextView.swift; sourceTree = "<group>"; };
		A00000000000000000000005 /* main.swift */ = {isa = PBXFileReference; lastKnownFileType = sourcecode.swift; path = main.swift; sourceTree = "<group>"; };
		A00000000000000000000006 /* Info.plist */ = {isa = PBXFileReference; lastKnownFileType = text.plist.xml; path = Info.plist; sourceTree = "<group>"; };
		A00000000000000000000007 /* MarcoPolo.entitlements */ = {isa = PBXFileReference; lastKnownFileType = text.plist.entitlements; path = MarcoPolo.entitlements; sourceTree = "<group>"; };
		A00000000000000000000008 /* MarcoPolo.app */ = {isa = PBXFileReference; explicitFileType = wrapper.application; includeInIndex = 0; path = MarcoPolo.app; sourceTree = BUILT_PRODUCTS_DIR; };
/* End PBXFileReference section */

/* Begin PBXFrameworksBuildPhase section */
		A00000000000000000000021 /* Frameworks */ = {
			isa = PBXFrameworksBuildPhase;
			buildActionMask = 2147483647;
			files = (
			);
			runOnlyForDeploymentPostprocessing = 0;
		};
/* End PBXFrameworksBuildPhase section */

/* Begin PBXGroup section */
		A00000000000000000000031 = {
			isa = PBXGroup;
			children = (
				A00000000000000000000032 /* MarcoPolo */,
				A00000000000000000000033 /* Products */,
			);
			sourceTree = "<group>";
		};
		A00000000000000000000032 /* MarcoPolo */ = {
			isa = PBXGroup;
			children = (
				A00000000000000000000001 /* AppDelegate.swift */,
				A00000000000000000000002 /* Document.swift */,
				A00000000000000000000003 /* MarkdownStyling.swift */,
				A00000000000000000000004 /* EditorTextView.swift */,
				A00000000000000000000005 /* main.swift */,
				A00000000000000000000006 /* Info.plist */,
				A00000000000000000000007 /* MarcoPolo.entitlements */,
			);
			path = MarcoPolo;
			sourceTree = "<group>";
		};
		A00000000000000000000033 /* Products */ = {
			isa = PBXGroup;
			children = (
				A00000000000000000000008 /* MarcoPolo.app */,
			);
			name = Products;
			sourceTree = "<group>";
		};
/* End PBXGroup section */

/* Begin PBXNativeTarget section */
		A00000000000000000000041 /* MarcoPolo */ = {
			isa = PBXNativeTarget;
			buildConfigurationList = A00000000000000000000061 /* Build configuration list for PBXNativeTarget "MarcoPolo" */;
			buildPhases = (
				A00000000000000000000020 /* Sources */,
				A00000000000000000000021 /* Frameworks */,
				A00000000000000000000022 /* Resources */,
			);
			buildRules = (
			);
			dependencies = (
			);
			name = MarcoPolo;
			productName = MarcoPolo;
			productReference = A00000000000000000000008 /* MarcoPolo.app */;
			productType = "com.apple.product-type.application";
		};
/* End PBXNativeTarget section */

/* Begin PBXProject section */
		A00000000000000000000051 /* Project object */ = {
			isa = PBXProject;
			attributes = {
				BuildIndependentTargetsInParallel = 1;
				LastSwiftUpdateCheck = 1600;
				LastUpgradeCheck = 1600;
				TargetAttributes = {
					A00000000000000000000041 = {
						CreatedOnToolsVersion = 16.0;
					};
				};
			};
			buildConfigurationList = A00000000000000000000060 /* Build configuration list for PBXProject "MarcoPolo" */;
			compatibilityVersion = "Xcode 14.0";
			developmentRegion = en;
			hasScannedForEncodings = 0;
			knownRegions = (
				en,
				Base,
			);
			mainGroup = A00000000000000000000031;
			productRefGroup = A00000000000000000000033 /* Products */;
			projectDirPath = "";
			projectRoot = "";
			targets = (
				A00000000000000000000041 /* MarcoPolo */,
			);
		};
/* End PBXProject section */

/* Begin PBXResourcesBuildPhase section */
		A00000000000000000000022 /* Resources */ = {
			isa = PBXResourcesBuildPhase;
			buildActionMask = 2147483647;
			files = (
			);
			runOnlyForDeploymentPostprocessing = 0;
		};
/* End PBXResourcesBuildPhase section */

/* Begin PBXSourcesBuildPhase section */
		A00000000000000000000020 /* Sources */ = {
			isa = PBXSourcesBuildPhase;
			buildActionMask = 2147483647;
			files = (
				A00000000000000000000011 /* AppDelegate.swift in Sources */,
				A00000000000000000000012 /* Document.swift in Sources */,
				A00000000000000000000013 /* MarkdownStyling.swift in Sources */,
				A00000000000000000000014 /* EditorTextView.swift in Sources */,
				A00000000000000000000015 /* main.swift in Sources */,
			);
			runOnlyForDeploymentPostprocessing = 0;
		};
/* End PBXSourcesBuildPhase section */

/* Begin XCBuildConfiguration section */
		A00000000000000000000070 /* Debug */ = {
			isa = XCBuildConfiguration;
			buildSettings = {
				ALWAYS_SEARCH_USER_PATHS = NO;
				CLANG_ENABLE_MODULES = YES;
				CLANG_ENABLE_OBJC_ARC = YES;
				CODE_SIGN_ENTITLEMENTS = MarcoPolo/MarcoPolo.entitlements;
				CODE_SIGN_STYLE = Automatic;
				COPY_PHASE_STRIP = NO;
				DEBUG_INFORMATION_FORMAT = dwarf;
				ENABLE_APP_SANDBOX = NO;
				ENABLE_HARDENED_RUNTIME = NO;
				GCC_C_LANGUAGE_STANDARD = gnu17;
				GENERATE_INFOPLIST_FILE = NO;
				INFOPLIST_FILE = MarcoPolo/Info.plist;
				MACOSX_DEPLOYMENT_TARGET = 14.0;
				PRODUCT_BUNDLE_IDENTIFIER = com.example.MarcoPolo;
				PRODUCT_NAME = "$(TARGET_NAME)";
				SDKROOT = macosx;
				SWIFT_EMIT_LOC_STRINGS = NO;
				SWIFT_VERSION = 5.0;
			};
			name = Debug;
		};
		A00000000000000000000071 /* Release */ = {
			isa = XCBuildConfiguration;
			buildSettings = {
				ALWAYS_SEARCH_USER_PATHS = NO;
				CLANG_ENABLE_MODULES = YES;
				CLANG_ENABLE_OBJC_ARC = YES;
				CODE_SIGN_ENTITLEMENTS = MarcoPolo/MarcoPolo.entitlements;
				CODE_SIGN_STYLE = Automatic;
				COPY_PHASE_STRIP = NO;
				DEBUG_INFORMATION_FORMAT = "dwarf-with-dsym";
				ENABLE_APP_SANDBOX = NO;
				ENABLE_HARDENED_RUNTIME = NO;
				GCC_C_LANGUAGE_STANDARD = gnu17;
				GENERATE_INFOPLIST_FILE = NO;
				INFOPLIST_FILE = MarcoPolo/Info.plist;
				MACOSX_DEPLOYMENT_TARGET = 14.0;
				PRODUCT_BUNDLE_IDENTIFIER = com.example.MarcoPolo;
				PRODUCT_NAME = "$(TARGET_NAME)";
				SDKROOT = macosx;
				SWIFT_EMIT_LOC_STRINGS = NO;
				SWIFT_VERSION = 5.0;
			};
			name = Release;
		};
		A00000000000000000000072 /* Debug */ = {
			isa = XCBuildConfiguration;
			buildSettings = {
				CODE_SIGN_STYLE = Automatic;
				DEVELOPMENT_TEAM = "";
				SDKROOT = macosx;
			};
			name = Debug;
		};
		A00000000000000000000073 /* Release */ = {
			isa = XCBuildConfiguration;
			buildSettings = {
				CODE_SIGN_STYLE = Automatic;
				DEVELOPMENT_TEAM = "";
				SDKROOT = macosx;
			};
			name = Release;
		};
/* End XCBuildConfiguration section */

/* Begin XCConfigurationList section */
		A00000000000000000000060 /* Build configuration list for PBXProject "MarcoPolo" */ = {
			isa = XCConfigurationList;
			buildConfigurations = (
				A00000000000000000000072 /* Debug */,
				A00000000000000000000073 /* Release */,
			);
			defaultConfigurationIsVisible = 0;
			defaultConfigurationName = Release;
		};
		A00000000000000000000061 /* Build configuration list for PBXNativeTarget "MarcoPolo" */ = {
			isa = XCConfigurationList;
			buildConfigurations = (
				A00000000000000000000070 /* Debug */,
				A00000000000000000000071 /* Release */,
			);
			defaultConfigurationIsVisible = 0;
			defaultConfigurationName = Release;
		};
/* End XCConfigurationList section */
	};
	rootObject = A00000000000000000000051 /* Project object */;
}
